
Microsoft Visual Studio Solution File, Format Version 12.00
# Visual Studio Version 17
VisualStudioVersion = 17.3.32708.82
MinimumVisualStudioVersion = 10.0.40219.1
Project("{9A19103F-16F7-4668-BE54-9A1E7A4F7556}") = "ProjectK.ToolKit.ViewModels", "ProjectK.ToolKit.ViewModels\ProjectK.ToolKit.ViewModels.csproj", "{3DE74D7F-07BD-4B7B-8B2D-D2BD9539A3DB}"
EndProject
Global
	GlobalSection(SolutionConfigurationPlatforms) = preSolution
		Debug|Any CPU = Debug|Any CPU
		Release|Any CPU = Release|Any CPU
	EndGlobalSection
	GlobalSection(ProjectConfigurationPlatforms) = postSolution
		{3DE74D7F-07BD-4B7B-8B2D-D2BD9539A3DB}.Debug|Any CPU.ActiveCfg = Debug|Any CPU
		{3DE74D7F-07BD-4B7B-8B2D-D2BD9539A3DB}.Debug|Any CPU.Build.0 = Debug|Any CPU
		{3DE74D7F-07BD-4B7B-8B2D-D2BD9539A3DB}.Release|Any CPU.ActiveCfg = Release|Any CPU
		{3DE74D7F-07BD-4B7B-8B2D-D2BD9539A3DB}.Release|Any CPU.Build.0 = Release|Any CPU
	EndGlobalSection
	GlobalSection(SolutionProperties) = preSolution
		HideSolutionNode = FALSE
	EndGlobalSection
	GlobalSection(ExtensibilityGlobals) = postSolution
		SolutionGuid = {14CAF16A-CC74-4F85-B4F8-42D62510530A}
	EndGlobalSection
EndGlobal
